
Microsoft Visual Studio Solution File, Format Version 12.00
# Visual Studio Version 16
VisualStudioVersion = 16.0.29318.209
MinimumVisualStudioVersion = 10.0.40219.1
Project("{8BC9CEB8-8B4A-11D0-8D11-00A0C91BC942}") = "KismetLogger", "KismetLogger\KismetLogger.vcxproj", "{BD1404C7-84A2-4733-99E4-5FDFFD3235FE}"
EndProject
Project("{8BC9CEB8-8B4A-11D0-8D11-00A0C91BC942}") = "Experiments", "Experiments\Experiments.vcxproj", "{9871453F-068C-463E-9E34-84E4332CB0C4}"
EndProject
Project("{2150E333-8FDC-42A3-9474-1A3956D46DE8}") = "Solution Items", "Solution Items", "{0626F548-B3AC-4BAC-8251-B655279EE851}"
	ProjectSection(SolutionItems) = preProject
		ME3SDK\ME3TweaksHeader.h = ME3SDK\ME3TweaksHeader.h
		ME3SDK\ScreenLogger.h = ME3SDK\ScreenLogger.h
		ME3SDK\SdkHeaders.h = ME3SDK\SdkHeaders.h
	EndProjectSection
EndProject
Project("{8BC9CEB8-8B4A-11D0-8D11-00A0C91BC942}") = "FunctionLogger", "FunctionLogger\FunctionLogger.vcxproj", "{20D765B4-0479-4F04-BCD7-0877C2C5AB3C}"
EndProject
Project("{8BC9CEB8-8B4A-11D0-8D11-00A0C91BC942}") = "RetaliationBugfix", "RetaliationBugfix\RetaliationBugfix.vcxproj", "{347D9B59-772C-4D03-9311-453BCE8D4EA5}"
EndProject
Project("{8BC9CEB8-8B4A-11D0-8D11-00A0C91BC942}") = "FullGAW", "FullGAW\FullGAW.vcxproj", "{AFBEB078-9006-4D42-A734-CEA565331945}"
EndProject
Project("{8BC9CEB8-8B4A-11D0-8D11-00A0C91BC942}") = "ME3ExplorerInterop", "ME3ExplorerInterop\ME3ExplorerInterop.vcxproj", "{4A106741-1AC7-4FF4-B6D9-802A7F3D23F1}"
EndProject
Project("{8BC9CEB8-8B4A-11D0-8D11-00A0C91BC942}") = "SeqActLogEnabler", "SeqActLogEnabler\SeqActLogEnabler.vcxproj", "{FCA74B26-594C-48AC-9206-00FAC7884944}"
EndProject
Project("{8BC9CEB8-8B4A-11D0-8D11-00A0C91BC942}") = "AceSlammer", "AceSlammer\AceSlammer.vcxproj", "{C6EB147C-B593-4951-ABFD-BDEC07602961}"
EndProject
Project("{8BC9CEB8-8B4A-11D0-8D11-00A0C91BC942}") = "ConsoleExtension", "ConsoleExtension\ConsoleExtension.vcxproj", "{8D65A85F-C386-4800-9C44-9862D8CDF7E8}"
EndProject
Project("{8BC9CEB8-8B4A-11D0-8D11-00A0C91BC942}") = "OriginMPStatus", "OriginMPStatus\OriginMPStatus.vcxproj", "{07F5BFA6-5E0F-4C77-B6D9-37B7D7CF9422}"
EndProject
Project("{8BC9CEB8-8B4A-11D0-8D11-00A0C91BC942}") = "SplashEnabler", "SplashEnabler\SplashEnabler.vcxproj", "{DECFC523-C7AE-4248-8A7C-A086FC454630}"
EndProject
Project("{8BC9CEB8-8B4A-11D0-8D11-00A0C91BC942}") = "SplashEnablerHost", "SplashEnablerHost\SplashEnablerHost.vcxproj", "{5C263389-C3FD-4A20-91CB-DE4AC00FBF57}"
EndProject
Project("{8BC9CEB8-8B4A-11D0-8D11-00A0C91BC942}") = "GarbageCollectionForcer", "GarbageCollectorForcer\GarbageCollectionForcer.vcxproj", "{5B71CD3D-EC3C-46BD-8993-9D25105D1D6F}"
EndProject
Project("{8BC9CEB8-8B4A-11D0-8D11-00A0C91BC942}") = "StreamingLevelsHUD", "SteamingLevelsHUD\StreamingLevelsHUD.vcxproj", "{B60D6040-248E-472B-B5A6-DB5DDC77A2F0}"
EndProject
Global
	GlobalSection(SolutionConfigurationPlatforms) = preSolution
		Debug|x64 = Debug|x64
		Debug|x86 = Debug|x86
		Release|x64 = Release|x64
		Release|x86 = Release|x86
	EndGlobalSection
	GlobalSection(ProjectConfigurationPlatforms) = postSolution
		{BD1404C7-84A2-4733-99E4-5FDFFD3235FE}.Debug|x64.ActiveCfg = Debug|Win32
		{BD1404C7-84A2-4733-99E4-5FDFFD3235FE}.Debug|x86.ActiveCfg = Debug|Win32
		{BD1404C7-84A2-4733-99E4-5FDFFD3235FE}.Debug|x86.Build.0 = Debug|Win32
		{BD1404C7-84A2-4733-99E4-5FDFFD3235FE}.Release|x64.ActiveCfg = Release|Win32
		{BD1404C7-84A2-4733-99E4-5FDFFD3235FE}.Release|x86.ActiveCfg = Release|Win32
		{BD1404C7-84A2-4733-99E4-5FDFFD3235FE}.Release|x86.Build.0 = Release|Win32
		{9871453F-068C-463E-9E34-84E4332CB0C4}.Debug|x64.ActiveCfg = Debug|Win32
		{9871453F-068C-463E-9E34-84E4332CB0C4}.Debug|x86.ActiveCfg = Debug|Win32
		{9871453F-068C-463E-9E34-84E4332CB0C4}.Debug|x86.Build.0 = Debug|Win32
		{9871453F-068C-463E-9E34-84E4332CB0C4}.Release|x64.ActiveCfg = Release|Win32
		{9871453F-068C-463E-9E34-84E4332CB0C4}.Release|x86.ActiveCfg = Release|Win32
		{9871453F-068C-463E-9E34-84E4332CB0C4}.Release|x86.Build.0 = Release|Win32
		{20D765B4-0479-4F04-BCD7-0877C2C5AB3C}.Debug|x64.ActiveCfg = Debug|Win32
		{20D765B4-0479-4F04-BCD7-0877C2C5AB3C}.Debug|x86.ActiveCfg = Debug|Win32
		{20D765B4-0479-4F04-BCD7-0877C2C5AB3C}.Debug|x86.Build.0 = Debug|Win32
		{20D765B4-0479-4F04-BCD7-0877C2C5AB3C}.Release|x64.ActiveCfg = Release|Win32
		{20D765B4-0479-4F04-BCD7-0877C2C5AB3C}.Release|x86.ActiveCfg = Release|Win32
		{20D765B4-0479-4F04-BCD7-0877C2C5AB3C}.Release|x86.Build.0 = Release|Win32
		{347D9B59-772C-4D03-9311-453BCE8D4EA5}.Debug|x64.ActiveCfg = Debug|Win32
		{347D9B59-772C-4D03-9311-453BCE8D4EA5}.Debug|x86.ActiveCfg = Debug|Win32
		{347D9B59-772C-4D03-9311-453BCE8D4EA5}.Debug|x86.Build.0 = Debug|Win32
		{347D9B59-772C-4D03-9311-453BCE8D4EA5}.Release|x64.ActiveCfg = Release|Win32
		{347D9B59-772C-4D03-9311-453BCE8D4EA5}.Release|x86.ActiveCfg = Release|Win32
		{347D9B59-772C-4D03-9311-453BCE8D4EA5}.Release|x86.Build.0 = Release|Win32
		{AFBEB078-9006-4D42-A734-CEA565331945}.Debug|x64.ActiveCfg = Debug|Win32
		{AFBEB078-9006-4D42-A734-CEA565331945}.Debug|x86.ActiveCfg = Debug|Win32
		{AFBEB078-9006-4D42-A734-CEA565331945}.Debug|x86.Build.0 = Debug|Win32
		{AFBEB078-9006-4D42-A734-CEA565331945}.Release|x64.ActiveCfg = Release|Win32
		{AFBEB078-9006-4D42-A734-CEA565331945}.Release|x86.ActiveCfg = Release|Win32
		{AFBEB078-9006-4D42-A734-CEA565331945}.Release|x86.Build.0 = Release|Win32
		{4A106741-1AC7-4FF4-B6D9-802A7F3D23F1}.Debug|x64.ActiveCfg = Debug|Win32
		{4A106741-1AC7-4FF4-B6D9-802A7F3D23F1}.Debug|x86.ActiveCfg = Debug|Win32
		{4A106741-1AC7-4FF4-B6D9-802A7F3D23F1}.Debug|x86.Build.0 = Debug|Win32
		{4A106741-1AC7-4FF4-B6D9-802A7F3D23F1}.Release|x64.ActiveCfg = Release|Win32
		{4A106741-1AC7-4FF4-B6D9-802A7F3D23F1}.Release|x86.ActiveCfg = Release|Win32
		{4A106741-1AC7-4FF4-B6D9-802A7F3D23F1}.Release|x86.Build.0 = Release|Win32
		{FCA74B26-594C-48AC-9206-00FAC7884944}.Debug|x64.ActiveCfg = Debug|Win32
		{FCA74B26-594C-48AC-9206-00FAC7884944}.Debug|x86.ActiveCfg = Debug|Win32
		{FCA74B26-594C-48AC-9206-00FAC7884944}.Debug|x86.Build.0 = Debug|Win32
		{FCA74B26-594C-48AC-9206-00FAC7884944}.Release|x64.ActiveCfg = Release|Win32
		{FCA74B26-594C-48AC-9206-00FAC7884944}.Release|x86.ActiveCfg = Release|Win32
		{FCA74B26-594C-48AC-9206-00FAC7884944}.Release|x86.Build.0 = Release|Win32
		{C6EB147C-B593-4951-ABFD-BDEC07602961}.Debug|x64.ActiveCfg = Debug|Win32
		{C6EB147C-B593-4951-ABFD-BDEC07602961}.Debug|x86.ActiveCfg = Debug|Win32
		{C6EB147C-B593-4951-ABFD-BDEC07602961}.Debug|x86.Build.0 = Debug|Win32
		{C6EB147C-B593-4951-ABFD-BDEC07602961}.Release|x64.ActiveCfg = Release|Win32
		{C6EB147C-B593-4951-ABFD-BDEC07602961}.Release|x86.ActiveCfg = Release|Win32
		{C6EB147C-B593-4951-ABFD-BDEC07602961}.Release|x86.Build.0 = Release|Win32
		{8D65A85F-C386-4800-9C44-9862D8CDF7E8}.Debug|x64.ActiveCfg = Debug|Win32
		{8D65A85F-C386-4800-9C44-9862D8CDF7E8}.Debug|x86.ActiveCfg = Debug|Win32
		{8D65A85F-C386-4800-9C44-9862D8CDF7E8}.Debug|x86.Build.0 = Debug|Win32
		{8D65A85F-C386-4800-9C44-9862D8CDF7E8}.Release|x64.ActiveCfg = Release|Win32
		{8D65A85F-C386-4800-9C44-9862D8CDF7E8}.Release|x86.ActiveCfg = Release|Win32
		{8D65A85F-C386-4800-9C44-9862D8CDF7E8}.Release|x86.Build.0 = Release|Win32
		{07F5BFA6-5E0F-4C77-B6D9-37B7D7CF9422}.Debug|x64.ActiveCfg = Debug|Win32
		{07F5BFA6-5E0F-4C77-B6D9-37B7D7CF9422}.Debug|x86.ActiveCfg = Debug|Win32
		{07F5BFA6-5E0F-4C77-B6D9-37B7D7CF9422}.Debug|x86.Build.0 = Debug|Win32
		{07F5BFA6-5E0F-4C77-B6D9-37B7D7CF9422}.Release|x64.ActiveCfg = Release|Win32
		{07F5BFA6-5E0F-4C77-B6D9-37B7D7CF9422}.Release|x86.ActiveCfg = Release|Win32
		{07F5BFA6-5E0F-4C77-B6D9-37B7D7CF9422}.Release|x86.Build.0 = Release|Win32
		{DECFC523-C7AE-4248-8A7C-A086FC454630}.Debug|x64.ActiveCfg = Debug|x64
		{DECFC523-C7AE-4248-8A7C-A086FC454630}.Debug|x64.Build.0 = Debug|x64
		{DECFC523-C7AE-4248-8A7C-A086FC454630}.Debug|x86.ActiveCfg = Debug|Win32
		{DECFC523-C7AE-4248-8A7C-A086FC454630}.Debug|x86.Build.0 = Debug|Win32
		{DECFC523-C7AE-4248-8A7C-A086FC454630}.Release|x64.ActiveCfg = Release|x64
		{DECFC523-C7AE-4248-8A7C-A086FC454630}.Release|x64.Build.0 = Release|x64
		{DECFC523-C7AE-4248-8A7C-A086FC454630}.Release|x86.ActiveCfg = Release|Win32
		{DECFC523-C7AE-4248-8A7C-A086FC454630}.Release|x86.Build.0 = Release|Win32
		{5C263389-C3FD-4A20-91CB-DE4AC00FBF57}.Debug|x64.ActiveCfg = Debug|x64
		{5C263389-C3FD-4A20-91CB-DE4AC00FBF57}.Debug|x64.Build.0 = Debug|x64
		{5C263389-C3FD-4A20-91CB-DE4AC00FBF57}.Debug|x86.ActiveCfg = Debug|Win32
		{5C263389-C3FD-4A20-91CB-DE4AC00FBF57}.Debug|x86.Build.0 = Debug|Win32
		{5C263389-C3FD-4A20-91CB-DE4AC00FBF57}.Release|x64.ActiveCfg = Release|x64
		{5C263389-C3FD-4A20-91CB-DE4AC00FBF57}.Release|x64.Build.0 = Release|x64
		{5C263389-C3FD-4A20-91CB-DE4AC00FBF57}.Release|x86.ActiveCfg = Release|Win32
		{5C263389-C3FD-4A20-91CB-DE4AC00FBF57}.Release|x86.Build.0 = Release|Win32
		{5B71CD3D-EC3C-46BD-8993-9D25105D1D6F}.Debug|x64.ActiveCfg = Debug|Win32
		{5B71CD3D-EC3C-46BD-8993-9D25105D1D6F}.Debug|x86.ActiveCfg = Debug|Win32
		{5B71CD3D-EC3C-46BD-8993-9D25105D1D6F}.Debug|x86.Build.0 = Debug|Win32
		{5B71CD3D-EC3C-46BD-8993-9D25105D1D6F}.Release|x64.ActiveCfg = Release|Win32
		{5B71CD3D-EC3C-46BD-8993-9D25105D1D6F}.Release|x86.ActiveCfg = Release|Win32
		{5B71CD3D-EC3C-46BD-8993-9D25105D1D6F}.Release|x86.Build.0 = Release|Win32
		{B60D6040-248E-472B-B5A6-DB5DDC77A2F0}.Debug|x64.ActiveCfg = Debug|Win32
		{B60D6040-248E-472B-B5A6-DB5DDC77A2F0}.Debug|x86.ActiveCfg = Debug|Win32
		{B60D6040-248E-472B-B5A6-DB5DDC77A2F0}.Debug|x86.Build.0 = Debug|Win32
		{B60D6040-248E-472B-B5A6-DB5DDC77A2F0}.Release|x64.ActiveCfg = Release|Win32
		{B60D6040-248E-472B-B5A6-DB5DDC77A2F0}.Release|x86.ActiveCfg = Release|Win32
		{B60D6040-248E-472B-B5A6-DB5DDC77A2F0}.Release|x86.Build.0 = Release|Win32
	EndGlobalSection
	GlobalSection(SolutionProperties) = preSolution
		HideSolutionNode = FALSE
	EndGlobalSection
	GlobalSection(ExtensibilityGlobals) = postSolution
		SolutionGuid = {2007F04C-26EA-4C9D-8913-F6E1F5D53724}
	EndGlobalSection
EndGlobal
